<?xml version="1.0" encoding="utf-8"?>
<Project ToolsVersion="4.0" xmlns="http://schemas.microsoft.com/developer/msbuild/2003">
  <ItemGroup>
    <Filter Include="Source Files">
      <UniqueIdentifier>{4FC737F1-C7A5-4376-A066-2A32D752A2FF}</UniqueIdentifier>
      <Extensions>cpp;c;cc;cxx;def;odl;idl;hpj;bat;asm;asmx</Extensions>
    </Filter>
    <Filter Include="Header Files">
      <UniqueIdentifier>{93995380-89BD-4b04-88EB-625FBE52EBFB}</UniqueIdentifier>
      <Extensions>h;hh;hpp;hxx;hm;inl;inc;xsd</Extensions>
    </Filter>
    <Filter Include="Resource Files">
      <UniqueIdentifier>{67DA6AB6-F800-4c08-8B7A-83BB121AAD01}</UniqueIdentifier>
      <Extensions>rc;ico;cur;bmp;dlg;rc2;rct;bin;rgs;gif;jpg;jpeg;jpe;resx;tiff;tif;png;wav;mfcribbon-ms</Extensions>
    </Filter>
  </ItemGroup>
  <ItemGroup>
    <None Include="src\AppDelegate.m" />
    <None Include="src\Info.plist" />
  </ItemGroup>
  <ItemGroup>
    <ClInclude Include="src\core\idrawable.hpp">
      <Filter>Header Files</Filter>
    </ClInclude>
    <ClInclude Include="src\core\iobject.hpp">
      <Filter>Header Files</Filter>
    </ClInclude>
    <ClInclude Include="src\core\iwidget.hpp">
      <Filter>Header Files</Filter>
    </ClInclude>
    <ClInclude Include="src\core\sound.hpp">
      <Filter>Header Files</Filter>
    </ClInclude>
    <ClInclude Include="src\core\platform_tools.hpp">
      <Filter>Header Files</Filter>
    </ClInclude>
    <ClInclude Include="src\core\common_types.hpp">
      <Filter>Header Files</Filter>
    </ClInclude>
    <ClInclude Include="src\core\common_tools.hpp">
      <Filter>Header Files</Filter>
    </ClInclude>
    <ClInclude Include="src\core\graphics.hpp">
      <Filter>Header Files</Filter>
    </ClInclude>
    <ClInclude Include="src\core\system.hpp">
      <Filter>Header Files</Filter>
    </ClInclude>
    <ClInclude Include="src\core\input.hpp">
      <Filter>Header Files</Filter>
    </ClInclude>
    <ClInclude Include="src\core\keys.hpp">
      <Filter>Header Files</Filter>
    </ClInclude>
    <ClInclude Include="src\core\constants.hpp">
      <Filter>Header Files</Filter>
    </ClInclude>
    <ClInclude Include="src\game\xx_level_fail_screen.hpp">
      <Filter>Header Files</Filter>
    </ClInclude>
    <ClInclude Include="src\game\xx_level_success_screen.hpp">
      <Filter>Header Files</Filter>
    </ClInclude>
    <ClInclude Include="src\game\xx_main_menu.hpp">
      <Filter>Header Files</Filter>
    </ClInclude>
    <ClInclude Include="src\game\xx_gameover_screen.hpp">
      <Filter>Header Files</Filter>
    </ClInclude>
    <ClInclude Include="src\game\xx_level_begin_screen.hpp">
      <Filter>Header Files</Filter>
    </ClInclude>
    <ClInclude Include="src\game\game_mode.hpp">
      <Filter>Header Files</Filter>
    </ClInclude>
    <ClInclude Include="src\graphics\image.hpp">
      <Filter>Header Files</Filter>
    </ClInclude>
    <ClInclude Include="src\graphics\animatedsprite.hpp">
      <Filter>Header Files</Filter>
    </ClInclude>
    <ClInclude Include="src\graphics\draggable_sprite.hpp">
      <Filter>Header Files</Filter>
    </ClInclude>
    <ClInclude Include="src\graphics\font.hpp">
      <Filter>Header Files</Filter>
    </ClInclude>
    <ClInclude Include="src\graphics\sprite.hpp">
      <Filter>Header Files</Filter>
    </ClInclude>
    <ClInclude Include="src\graphics\spritesheet.hpp">
      <Filter>Header Files</Filter>
    </ClInclude>
    <ClInclude Include="src\graphics\scene.hpp">
      <Filter>Header Files</Filter>
    </ClInclude>
    <ClInclude Include="src\graphics\particle.hpp">
      <Filter>Header Files</Filter>
    </ClInclude>
    <ClInclude Include="src\graphics\particle_system.hpp">
      <Filter>Header Files</Filter>
    </ClInclude>
    <ClInclude Include="src\graphics\drawing.hpp">
      <Filter>Header Files</Filter>
    </ClInclude>
    <ClInclude Include="src\graphics\parallax_background.hpp">
      <Filter>Header Files</Filter>
    </ClInclude>
    <ClInclude Include="src\graphics\x_scrolling_img.hpp">
      <Filter>Header Files</Filter>
    </ClInclude>
    <ClInclude Include="src\graphics\text_bubble.hpp">
      <Filter>Header Files</Filter>
    </ClInclude>
    <ClInclude Include="src\graphics\transition_screen.hpp">
      <Filter>Header Files</Filter>
    </ClInclude>
    <ClInclude Include="src\ia\fsm.hpp">
      <Filter>Header Files</Filter>
    </ClInclude>
    <ClInclude Include="src\ia\fsm_event.hpp">
      <Filter>Header Files</Filter>
    </ClInclude>
    <ClInclude Include="src\ia\fsm_node.hpp">
      <Filter>Header Files</Filter>
    </ClInclude>
    <ClInclude Include="src\manager\rsc_manager.hpp">
      <Filter>Header Files</Filter>
    </ClInclude>
    <ClInclude Include="src\manager\scenemanager.hpp">
      <Filter>Header Files</Filter>
    </ClInclude>
    <ClInclude Include="src\manager\game_manager.hpp">
      <Filter>Header Files</Filter>
    </ClInclude>
    <ClInclude Include="src\ui\layout\paginated_widget_layout.hpp">
      <Filter>Header Files</Filter>
    </ClInclude>
    <ClInclude Include="src\ui\layout\grid_widget_layout.hpp">
      <Filter>Header Files</Filter>
    </ClInclude>
    <ClInclude Include="src\ui\widget\progress_bar.hpp">
      <Filter>Header Files</Filter>
    </ClInclude>
    <ClInclude Include="src\ui\widget\text.hpp">
      <Filter>Header Files</Filter>
    </ClInclude>
    <ClInclude Include="src\ui\widget\outliner_widget.hpp">
      <Filter>Header Files</Filter>
    </ClInclude>
    <ClInclude Include="src\ui\widget\image_button_widget.hpp">
      <Filter>Header Files</Filter>
    </ClInclude>
    <ClInclude Include="src\ui\widget\buttonwidget.hpp">
      <Filter>Header Files</Filter>
    </ClInclude>
    <ClInclude Include="src\ui\widget\animation_timeline_widget.hpp">
      <Filter>Header Files</Filter>
    </ClInclude>
    <ClInclude Include="src\ui\widget\tiny_progress_bar.hpp">
      <Filter>Header Files</Filter>
    </ClInclude>
    <ClInclude Include="src\utils\linked_list.hpp">
      <Filter>Header Files</Filter>
    </ClInclude>
    <ClInclude Include="src\utils\double_linked_list.hpp">
      <Filter>Header Files</Filter>
    </ClInclude>
    <ClInclude Include="src\utils\jsonreader.hpp">
      <Filter>Header Files</Filter>
    </ClInclude>
    <ClInclude Include="src\utils\math_tools.hpp">
      <Filter>Header Files</Filter>
    </ClInclude>
    <ClInclude Include="src\utils\mathf.hpp">
      <Filter>Header Files</Filter>
    </ClInclude>
    <ClInclude Include="src\utils\csv_reader.hpp">
      <Filter>Header Files</Filter>
    </ClInclude>
    <ClInclude Include="src\AppDelegate.h">
      <Filter>Header Files</Filter>
    </ClInclude>
    <ClInclude Include="src\animation\animationevent.hpp">
      <Filter>Header Files</Filter>
    </ClInclude>
    <ClInclude Include="src\animation\animationtimeline.hpp">
      <Filter>Header Files</Filter>
    </ClInclude>
    <ClInclude Include="src\ui\floating_window.hpp">
      <Filter>Header Files</Filter>
    </ClInclude>
    <ClInclude Include="src\ui\titlebar.hpp">
      <Filter>Header Files</Filter>
    </ClInclude>
  </ItemGroup>
  <ItemGroup>
    <ClCompile Include="src\core\iwidget.cpp">
      <Filter>Source Files</Filter>
    </ClCompile>
    <ClCompile Include="src\core\sound.cpp">
      <Filter>Source Files</Filter>
    </ClCompile>
    <ClCompile Include="src\core\platform_tools.cpp">
      <Filter>Source Files</Filter>
    </ClCompile>
    <ClCompile Include="src\core\common_tools.cpp">
      <Filter>Source Files</Filter>
    </ClCompile>
    <ClCompile Include="src\core\graphics.cpp">
      <Filter>Source Files</Filter>
    </ClCompile>
    <ClCompile Include="src\core\system.cpp">
      <Filter>Source Files</Filter>
    </ClCompile>
    <ClCompile Include="src\core\input.cpp">
      <Filter>Source Files</Filter>
    </ClCompile>
    <ClCompile Include="src\core\keys.cpp">
      <Filter>Source Files</Filter>
    </ClCompile>
    <ClCompile Include="src\game\xx_level_fail_screen.cpp">
      <Filter>Source Files</Filter>
    </ClCompile>
    <ClCompile Include="src\game\xx_level_success_screen.cpp">
      <Filter>Source Files</Filter>
    </ClCompile>
    <ClCompile Include="src\game\xx_main_menu.cpp">
      <Filter>Source Files</Filter>
    </ClCompile>
    <ClCompile Include="src\game\xx_gameover_screen.cpp">
      <Filter>Source Files</Filter>
    </ClCompile>
    <ClCompile Include="src\game\xx_level_begin_screen.cpp">
      <Filter>Source Files</Filter>
    </ClCompile>
    <ClCompile Include="src\game\game_mode.cpp">
      <Filter>Source Files</Filter>
    </ClCompile>
    <ClCompile Include="src\graphics\animatedsprite.cpp">
      <Filter>Source Files</Filter>
    </ClCompile>
    <ClCompile Include="src\graphics\image.cpp">
      <Filter>Source Files</Filter>
    </ClCompile>
    <ClCompile Include="src\graphics\draggable_sprite.cpp">
      <Filter>Source Files</Filter>
    </ClCompile>
    <ClCompile Include="src\graphics\font.cpp">
      <Filter>Source Files</Filter>
    </ClCompile>
    <ClCompile Include="src\graphics\sprite.cpp">
      <Filter>Source Files</Filter>
    </ClCompile>
    <ClCompile Include="src\graphics\spritesheet.cpp">
      <Filter>Source Files</Filter>
    </ClCompile>
    <ClCompile Include="src\graphics\scene.cpp">
      <Filter>Source Files</Filter>
    </ClCompile>
    <ClCompile Include="src\graphics\particle.cpp">
      <Filter>Source Files</Filter>
    </ClCompile>
    <ClCompile Include="src\graphics\particle_system.cpp">
      <Filter>Source Files</Filter>
    </ClCompile>
    <ClCompile Include="src\graphics\drawing.cpp">
      <Filter>Source Files</Filter>
    </ClCompile>
    <ClCompile Include="src\graphics\parallax_background.cpp">
      <Filter>Source Files</Filter>
    </ClCompile>
    <ClCompile Include="src\graphics\x_scrolling_img.cpp">
      <Filter>Source Files</Filter>
    </ClCompile>
    <ClCompile Include="src\graphics\text_bubble.cpp">
      <Filter>Source Files</Filter>
    </ClCompile>
    <ClCompile Include="src\graphics\transition_screen.cpp">
      <Filter>Source Files</Filter>
    </ClCompile>
    <ClCompile Include="src\ia\fsm.cpp">
      <Filter>Source Files</Filter>
    </ClCompile>
    <ClCompile Include="src\ia\fsm_event.cpp">
      <Filter>Source Files</Filter>
    </ClCompile>
    <ClCompile Include="src\ia\fsm_node.cpp">
      <Filter>Source Files</Filter>
    </ClCompile>
    <ClCompile Include="src\manager\scenemanager.cpp">
      <Filter>Source Files</Filter>
    </ClCompile>
    <ClCompile Include="src\manager\game_manager.cpp">
      <Filter>Source Files</Filter>
    </ClCompile>
    <ClCompile Include="src\manager\rsc_manager.cpp">
      <Filter>Source Files</Filter>
    </ClCompile>
    <ClCompile Include="src\ui\layout\paginated_widget_layout.cpp">
      <Filter>Source Files</Filter>
    </ClCompile>
    <ClCompile Include="src\ui\layout\grid_widget_layout.cpp">
      <Filter>Source Files</Filter>
    </ClCompile>
    <ClCompile Include="src\ui\widget\progress_bar.cpp">
      <Filter>Source Files</Filter>
    </ClCompile>
    <ClCompile Include="src\ui\widget\text.cpp">
      <Filter>Source Files</Filter>
    </ClCompile>
    <ClCompile Include="src\ui\widget\outliner_widget.cpp">
      <Filter>Source Files</Filter>
    </ClCompile>
    <ClCompile Include="src\ui\widget\image_button_widget.cpp">
      <Filter>Source Files</Filter>
    </ClCompile>
    <ClCompile Include="src\ui\widget\buttonwidget.cpp">
      <Filter>Source Files</Filter>
    </ClCompile>
    <ClCompile Include="src\ui\widget\animation_timeline_widget.cpp">
      <Filter>Source Files</Filter>
    </ClCompile>
    <ClCompile Include="src\ui\widget\tiny_progress_bar.cpp">
      <Filter>Source Files</Filter>
    </ClCompile>
    <ClCompile Include="src\utils\linked_list.cpp">
      <Filter>Source Files</Filter>
    </ClCompile>
    <ClCompile Include="src\utils\double_linked_list.cpp">
      <Filter>Source Files</Filter>
    </ClCompile>
    <ClCompile Include="src\utils\mathf.cpp">
      <Filter>Source Files</Filter>
    </ClCompile>
    <ClCompile Include="src\utils\jsonreader.cpp">
      <Filter>Source Files</Filter>
    </ClCompile>
    <ClCompile Include="src\utils\csv_reader.cpp">
      <Filter>Source Files</Filter>
    </ClCompile>
    <ClCompile Include="src\animation\animationevent.cpp">
      <Filter>Source Files</Filter>
    </ClCompile>
    <ClCompile Include="src\animation\animationtimeline.cpp">
      <Filter>Source Files</Filter>
    </ClCompile>
    <ClCompile Include="src\main.cpp">
      <Filter>Source Files</Filter>
    </ClCompile>
    <ClCompile Include="src\ui\floating_window.cpp">
      <Filter>Source Files</Filter>
    </ClCompile>
    <ClCompile Include="src\ui\titlebar.cpp">
      <Filter>Source Files</Filter>
    </ClCompile>
  </ItemGroup>
</Project>